{
  "name": "text2datauri",
  "version": "1.13.0",
  "lockfileVersion": 3,
  "requires": true,
  "packages": {
    "": {
      "name": "text2datauri",
      "version": "1.13.0",
      "license": "MIT",
      "bin": {
        "text2datauri": "bin/text2datauri.js"
      },
      "engines": {
        "node": ">=22.21.1",
        "npm": ">=11.5.1"
      },
      "peerDependencies": {
        "grunt": "1.6.1"
      },
      "peerDependenciesMeta": {
        "grunt": {
          "optional": true
        }
      }
    }
  }
}
